
Microsoft Visual Studio Solution File, Format Version 12.00
# Visual Studio 15
VisualStudioVersion = 15.0.25807.0
MinimumVisualStudioVersion = 10.0.40219.1
Project("{2150E333-8FDC-42A3-9474-1A3956D46DE8}") = "Engine", "Engine", "{6AAECD84-7766-4F29-9B26-FD50B4BD58DE}"
EndProject
Project("{2150E333-8FDC-42A3-9474-1A3956D46DE8}") = "Games", "Games", "{AADC4C7C-9E31-4C28-A309-CBF65246F107}"
EndProject
Project("{8BC9CEB8-8B4A-11D0-8D11-00A0C91BC942}") = "UE4", "Intermediate\ProjectFiles\UE4.vcxproj", "{1807BC97-6828-48DE-867D-D743E6DF6DF0}"
EndProject
Project("{8BC9CEB8-8B4A-11D0-8D11-00A0C91BC942}") = "FPSProject", "Intermediate\ProjectFiles\FPSProject.vcxproj", "{B51CF956-AB43-48DE-94C4-8D608A8B6833}"
EndProject
Project("{2150E333-8FDC-42A3-9474-1A3956D46DE8}") = "Visualizers", "Visualizers", "{E534627C-602A-4589-988F-31C9460E7145}"
	ProjectSection(SolutionItems) = preProject
		..\..\..\..\..\Program Files\Epic Games\UE_4.21\Engine\Extras\VisualStudioDebugging\UE4.natvis = ..\..\..\..\..\Program Files\Epic Games\UE_4.21\Engine\Extras\VisualStudioDebugging\UE4.natvis
	EndProjectSection
EndProject
Global
	GlobalSection(SolutionConfigurationPlatforms) = preSolution
		DebugGame Editor|HTML5 = DebugGame Editor|HTML5
		DebugGame Editor|Win32 = DebugGame Editor|Win32
		DebugGame Editor|Win64 = DebugGame Editor|Win64
		DebugGame|HTML5 = DebugGame|HTML5
		DebugGame|Win32 = DebugGame|Win32
		DebugGame|Win64 = DebugGame|Win64
		Development Editor|HTML5 = Development Editor|HTML5
		Development Editor|Win32 = Development Editor|Win32
		Development Editor|Win64 = Development Editor|Win64
		Development|HTML5 = Development|HTML5
		Development|Win32 = Development|Win32
		Development|Win64 = Development|Win64
		Shipping|HTML5 = Shipping|HTML5
		Shipping|Win32 = Shipping|Win32
		Shipping|Win64 = Shipping|Win64
	EndGlobalSection
	GlobalSection(ProjectConfigurationPlatforms) = postSolution
		{1807BC97-6828-48DE-867D-D743E6DF6DF0}.DebugGame Editor|HTML5.ActiveCfg = BuiltWithUnrealBuildTool|Win32
		{1807BC97-6828-48DE-867D-D743E6DF6DF0}.DebugGame Editor|Win32.ActiveCfg = BuiltWithUnrealBuildTool|Win32
		{1807BC97-6828-48DE-867D-D743E6DF6DF0}.DebugGame Editor|Win64.ActiveCfg = BuiltWithUnrealBuildTool|Win32
		{1807BC97-6828-48DE-867D-D743E6DF6DF0}.DebugGame|HTML5.ActiveCfg = BuiltWithUnrealBuildTool|Win32
		{1807BC97-6828-48DE-867D-D743E6DF6DF0}.DebugGame|Win32.ActiveCfg = BuiltWithUnrealBuildTool|Win32
		{1807BC97-6828-48DE-867D-D743E6DF6DF0}.DebugGame|Win64.ActiveCfg = BuiltWithUnrealBuildTool|Win32
		{1807BC97-6828-48DE-867D-D743E6DF6DF0}.Development Editor|HTML5.ActiveCfg = BuiltWithUnrealBuildTool|Win32
		{1807BC97-6828-48DE-867D-D743E6DF6DF0}.Development Editor|Win32.ActiveCfg = BuiltWithUnrealBuildTool|Win32
		{1807BC97-6828-48DE-867D-D743E6DF6DF0}.Development Editor|Win64.ActiveCfg = BuiltWithUnrealBuildTool|Win32
		{1807BC97-6828-48DE-867D-D743E6DF6DF0}.Development|HTML5.ActiveCfg = BuiltWithUnrealBuildTool|Win32
		{1807BC97-6828-48DE-867D-D743E6DF6DF0}.Development|Win32.ActiveCfg = BuiltWithUnrealBuildTool|Win32
		{1807BC97-6828-48DE-867D-D743E6DF6DF0}.Development|Win64.ActiveCfg = BuiltWithUnrealBuildTool|Win32
		{1807BC97-6828-48DE-867D-D743E6DF6DF0}.Shipping|HTML5.ActiveCfg = BuiltWithUnrealBuildTool|Win32
		{1807BC97-6828-48DE-867D-D743E6DF6DF0}.Shipping|Win32.ActiveCfg = BuiltWithUnrealBuildTool|Win32
		{1807BC97-6828-48DE-867D-D743E6DF6DF0}.Shipping|Win64.ActiveCfg = BuiltWithUnrealBuildTool|Win32
		{B51CF956-AB43-48DE-94C4-8D608A8B6833}.DebugGame Editor|HTML5.ActiveCfg = Invalid|Win32
		{B51CF956-AB43-48DE-94C4-8D608A8B6833}.DebugGame Editor|Win32.ActiveCfg = Invalid|Win32
		{B51CF956-AB43-48DE-94C4-8D608A8B6833}.DebugGame Editor|Win64.ActiveCfg = DebugGame_Editor|x64
		{B51CF956-AB43-48DE-94C4-8D608A8B6833}.DebugGame Editor|Win64.Build.0 = DebugGame_Editor|x64
		{B51CF956-AB43-48DE-94C4-8D608A8B6833}.DebugGame|HTML5.ActiveCfg = HTML5_DebugGame|Win32
		{B51CF956-AB43-48DE-94C4-8D608A8B6833}.DebugGame|HTML5.Build.0 = HTML5_DebugGame|Win32
		{B51CF956-AB43-48DE-94C4-8D608A8B6833}.DebugGame|Win32.ActiveCfg = DebugGame|Win32
		{B51CF956-AB43-48DE-94C4-8D608A8B6833}.DebugGame|Win32.Build.0 = DebugGame|Win32
		{B51CF956-AB43-48DE-94C4-8D608A8B6833}.DebugGame|Win64.ActiveCfg = DebugGame|x64
		{B51CF956-AB43-48DE-94C4-8D608A8B6833}.DebugGame|Win64.Build.0 = DebugGame|x64
		{B51CF956-AB43-48DE-94C4-8D608A8B6833}.Development Editor|HTML5.ActiveCfg = Invalid|Win32
		{B51CF956-AB43-48DE-94C4-8D608A8B6833}.Development Editor|Win32.ActiveCfg = Invalid|Win32
		{B51CF956-AB43-48DE-94C4-8D608A8B6833}.Development Editor|Win64.ActiveCfg = Development_Editor|x64
		{B51CF956-AB43-48DE-94C4-8D608A8B6833}.Development Editor|Win64.Build.0 = Development_Editor|x64
		{B51CF956-AB43-48DE-94C4-8D608A8B6833}.Development|HTML5.ActiveCfg = HTML5_Development|Win32
		{B51CF956-AB43-48DE-94C4-8D608A8B6833}.Development|HTML5.Build.0 = HTML5_Development|Win32
		{B51CF956-AB43-48DE-94C4-8D608A8B6833}.Development|Win32.ActiveCfg = Development|Win32
		{B51CF956-AB43-48DE-94C4-8D608A8B6833}.Development|Win32.Build.0 = Development|Win32
		{B51CF956-AB43-48DE-94C4-8D608A8B6833}.Development|Win64.ActiveCfg = Development|x64
		{B51CF956-AB43-48DE-94C4-8D608A8B6833}.Development|Win64.Build.0 = Development|x64
		{B51CF956-AB43-48DE-94C4-8D608A8B6833}.Shipping|HTML5.ActiveCfg = HTML5_Shipping|Win32
		{B51CF956-AB43-48DE-94C4-8D608A8B6833}.Shipping|HTML5.Build.0 = HTML5_Shipping|Win32
		{B51CF956-AB43-48DE-94C4-8D608A8B6833}.Shipping|Win32.ActiveCfg = Shipping|Win32
		{B51CF956-AB43-48DE-94C4-8D608A8B6833}.Shipping|Win32.Build.0 = Shipping|Win32
		{B51CF956-AB43-48DE-94C4-8D608A8B6833}.Shipping|Win64.ActiveCfg = Shipping|x64
		{B51CF956-AB43-48DE-94C4-8D608A8B6833}.Shipping|Win64.Build.0 = Shipping|x64
	EndGlobalSection
	GlobalSection(SolutionProperties) = preSolution
		HideSolutionNode = FALSE
	EndGlobalSection
	GlobalSection(NestedProjects) = preSolution
		{1807BC97-6828-48DE-867D-D743E6DF6DF0} = {6AAECD84-7766-4F29-9B26-FD50B4BD58DE}
		{B51CF956-AB43-48DE-94C4-8D608A8B6833} = {AADC4C7C-9E31-4C28-A309-CBF65246F107}
	EndGlobalSection
EndGlobal
